// !$*UTF8*$!
{
	archiveVersion = 1;
	classes = {
	};
	objectVersion = 46;
	objects = {

/* Begin PBXBuildFile section */
		65C64EF917BB6FBF0041EEB8 /* AnHalfDischargedTimerTests.m in Sources */ = {isa = PBXBuildFile; fileRef = 65C64EF817BB6FBF0041EEB8 /* AnHalfDischargedTimerTests.m */; };
		65C64EFB17BB6FDD0041EEB8 /* AChargedReleasedTimerTests.m in Sources */ = {isa = PBXBuildFile; fileRef = 65C64EFA17BB6FDD0041EEB8 /* AChargedReleasedTimerTests.m */; };
		65C64F4617BB957D0041EEB8 /* alarm-clock-1.wav in Resources */ = {isa = PBXBuildFile; fileRef = 65C64F4517BB957D0041EEB8 /* alarm-clock-1.wav */; };
		65C64F4B17BB964E0041EEB8 /* PomodoroRingTests.m in Sources */ = {isa = PBXBuildFile; fileRef = 65C64F4A17BB964E0041EEB8 /* PomodoroRingTests.m */; };
		65C98F1D17BAD1400001689D /* UIKit.framework in Frameworks */ = {isa = PBXBuildFile; fileRef = 65C98F1C17BAD1400001689D /* UIKit.framework */; };
		65C98F1F17BAD1400001689D /* Foundation.framework in Frameworks */ = {isa = PBXBuildFile; fileRef = 65C98F1E17BAD1400001689D /* Foundation.framework */; };
		65C98F2117BAD1400001689D /* CoreGraphics.framework in Frameworks */ = {isa = PBXBuildFile; fileRef = 65C98F2017BAD1400001689D /* CoreGraphics.framework */; };
		65C98F2717BAD1400001689D /* InfoPlist.strings in Resources */ = {isa = PBXBuildFile; fileRef = 65C98F2517BAD1400001689D /* InfoPlist.strings */; };
		65C98F2917BAD1400001689D /* main.m in Sources */ = {isa = PBXBuildFile; fileRef = 65C98F2817BAD1400001689D /* main.m */; };
		65C98F2D17BAD1400001689D /* AppDelegate.m in Sources */ = {isa = PBXBuildFile; fileRef = 65C98F2C17BAD1400001689D /* AppDelegate.m */; };
		65C98F2F17BAD1400001689D /* Default.png in Resources */ = {isa = PBXBuildFile; fileRef = 65C98F2E17BAD1400001689D /* Default.png */; };
		65C98F3117BAD1400001689D /* Default@2x.png in Resources */ = {isa = PBXBuildFile; fileRef = 65C98F3017BAD1400001689D /* Default@2x.png */; };
		65C98F3317BAD1400001689D /* Default-568h@2x.png in Resources */ = {isa = PBXBuildFile; fileRef = 65C98F3217BAD1400001689D /* Default-568h@2x.png */; };
		65C98F3617BAD1400001689D /* ViewController.m in Sources */ = {isa = PBXBuildFile; fileRef = 65C98F3517BAD1400001689D /* ViewController.m */; };
		65C98F3917BAD1400001689D /* ViewController.xib in Resources */ = {isa = PBXBuildFile; fileRef = 65C98F3717BAD1400001689D /* ViewController.xib */; };
		65C98F4117BAD1410001689D /* SenTestingKit.framework in Frameworks */ = {isa = PBXBuildFile; fileRef = 65C98F4017BAD1410001689D /* SenTestingKit.framework */; };
		65C98F4217BAD1410001689D /* UIKit.framework in Frameworks */ = {isa = PBXBuildFile; fileRef = 65C98F1C17BAD1400001689D /* UIKit.framework */; };
		65C98F4317BAD1410001689D /* Foundation.framework in Frameworks */ = {isa = PBXBuildFile; fileRef = 65C98F1E17BAD1400001689D /* Foundation.framework */; };
		65C98F4B17BAD1410001689D /* InfoPlist.strings in Resources */ = {isa = PBXBuildFile; fileRef = 65C98F4917BAD1410001689D /* InfoPlist.strings */; };
		65C98F4E17BAD1410001689D /* ADischargedTimerTests.m in Sources */ = {isa = PBXBuildFile; fileRef = 65C98F4D17BAD1410001689D /* ADischargedTimerTests.m */; };
		65C98F5917BAD1E80001689D /* Timer.m in Sources */ = {isa = PBXBuildFile; fileRef = 65C98F5817BAD1E80001689D /* Timer.m */; };
		65C98F5A17BAD1E80001689D /* Timer.m in Sources */ = {isa = PBXBuildFile; fileRef = 65C98F5817BAD1E80001689D /* Timer.m */; };
		65C98F5D17BAD8C60001689D /* AChargedTimerTests.m in Sources */ = {isa = PBXBuildFile; fileRef = 65C98F5B17BAD8C60001689D /* AChargedTimerTests.m */; };
		65FC903D17BAE787006C0112 /* icon.png in Resources */ = {isa = PBXBuildFile; fileRef = 65FC903C17BAE787006C0112 /* icon.png */; };
		65FC903F17BAE78B006C0112 /* icon@2x.png in Resources */ = {isa = PBXBuildFile; fileRef = 65FC903E17BAE78B006C0112 /* icon@2x.png */; };
		65FC904117BAED45006C0112 /* AudioToolbox.framework in Frameworks */ = {isa = PBXBuildFile; fileRef = 65FC904017BAED45006C0112 /* AudioToolbox.framework */; };
/* End PBXBuildFile section */

/* Begin PBXContainerItemProxy section */
		65C98F4417BAD1410001689D /* PBXContainerItemProxy */ = {
			isa = PBXContainerItemProxy;
			containerPortal = 65C98F1117BAD1400001689D /* Project object */;
			proxyType = 1;
			remoteGlobalIDString = 65C98F1817BAD1400001689D;
			remoteInfo = NaturalPomo;
		};
/* End PBXContainerItemProxy section */

/* Begin PBXFileReference section */
		65C64EF817BB6FBF0041EEB8 /* AnHalfDischargedTimerTests.m */ = {isa = PBXFileReference; fileEncoding = 4; lastKnownFileType = sourcecode.c.objc; path = AnHalfDischargedTimerTests.m; sourceTree = "<group>"; };
		65C64EFA17BB6FDD0041EEB8 /* AChargedReleasedTimerTests.m */ = {isa = PBXFileReference; fileEncoding = 4; lastKnownFileType = sourcecode.c.objc; path = AChargedReleasedTimerTests.m; sourceTree = "<group>"; };
		65C64F4517BB957D0041EEB8 /* alarm-clock-1.wav */ = {isa = PBXFileReference; lastKnownFileType = audio.wav; path = "alarm-clock-1.wav"; sourceTree = "<group>"; };
		65C64F4A17BB964E0041EEB8 /* PomodoroRingTests.m */ = {isa = PBXFileReference; fileEncoding = 4; lastKnownFileType = sourcecode.c.objc; path = PomodoroRingTests.m; sourceTree = "<group>"; };
		65C98F1917BAD1400001689D /* NaturalPomo.app */ = {isa = PBXFileReference; explicitFileType = wrapper.application; includeInIndex = 0; path = NaturalPomo.app; sourceTree = BUILT_PRODUCTS_DIR; };
		65C98F1C17BAD1400001689D /* UIKit.framework */ = {isa = PBXFileReference; lastKnownFileType = wrapper.framework; name = UIKit.framework; path = System/Library/Frameworks/UIKit.framework; sourceTree = SDKROOT; };
		65C98F1E17BAD1400001689D /* Foundation.framework */ = {isa = PBXFileReference; lastKnownFileType = wrapper.framework; name = Foundation.framework; path = System/Library/Frameworks/Foundation.framework; sourceTree = SDKROOT; };
		65C98F2017BAD1400001689D /* CoreGraphics.framework */ = {isa = PBXFileReference; lastKnownFileType = wrapper.framework; name = CoreGraphics.framework; path = System/Library/Frameworks/CoreGraphics.framework; sourceTree = SDKROOT; };
		65C98F2417BAD1400001689D /* NaturalPomo-Info.plist */ = {isa = PBXFileReference; lastKnownFileType = text.plist.xml; path = "NaturalPomo-Info.plist"; sourceTree = "<group>"; };
		65C98F2617BAD1400001689D /* en */ = {isa = PBXFileReference; lastKnownFileType = text.plist.strings; name = en; path = en.lproj/InfoPlist.strings; sourceTree = "<group>"; };
		65C98F2817BAD1400001689D /* main.m */ = {isa = PBXFileReference; lastKnownFileType = sourcecode.c.objc; path = main.m; sourceTree = "<group>"; };
		65C98F2A17BAD1400001689D /* NaturalPomo-Prefix.pch */ = {isa = PBXFileReference; lastKnownFileType = sourcecode.c.h; path = "NaturalPomo-Prefix.pch"; sourceTree = "<group>"; };
		65C98F2B17BAD1400001689D /* AppDelegate.h */ = {isa = PBXFileReference; lastKnownFileType = sourcecode.c.h; path = AppDelegate.h; sourceTree = "<group>"; };
		65C98F2C17BAD1400001689D /* AppDelegate.m */ = {isa = PBXFileReference; lastKnownFileType = sourcecode.c.objc; path = AppDelegate.m; sourceTree = "<group>"; };
		65C98F2E17BAD1400001689D /* Default.png */ = {isa = PBXFileReference; lastKnownFileType = image.png; path = Default.png; sourceTree = "<group>"; };
		65C98F3017BAD1400001689D /* Default@2x.png */ = {isa = PBXFileReference; lastKnownFileType = image.png; path = "Default@2x.png"; sourceTree = "<group>"; };
		65C98F3217BAD1400001689D /* Default-568h@2x.png */ = {isa = PBXFileReference; lastKnownFileType = image.png; path = "Default-568h@2x.png"; sourceTree = "<group>"; };
		65C98F3417BAD1400001689D /* ViewController.h */ = {isa = PBXFileReference; lastKnownFileType = sourcecode.c.h; path = ViewController.h; sourceTree = "<group>"; };
		65C98F3517BAD1400001689D /* ViewController.m */ = {isa = PBXFileReference; lastKnownFileType = sourcecode.c.objc; path = ViewController.m; sourceTree = "<group>"; };
		65C98F3817BAD1400001689D /* en */ = {isa = PBXFileReference; lastKnownFileType = file.xib; name = en; path = en.lproj/ViewController.xib; sourceTree = "<group>"; };
		65C98F3F17BAD1410001689D /* NaturalPomoTests.octest */ = {isa = PBXFileReference; explicitFileType = wrapper.cfbundle; includeInIndex = 0; path = NaturalPomoTests.octest; sourceTree = BUILT_PRODUCTS_DIR; };
		65C98F4017BAD1410001689D /* SenTestingKit.framework */ = {isa = PBXFileReference; lastKnownFileType = wrapper.framework; name = SenTestingKit.framework; path = Library/Frameworks/SenTestingKit.framework; sourceTree = DEVELOPER_DIR; };
		65C98F4817BAD1410001689D /* NaturalPomoTests-Info.plist */ = {isa = PBXFileReference; lastKnownFileType = text.plist.xml; path = "NaturalPomoTests-Info.plist"; sourceTree = "<group>"; };
		65C98F4A17BAD1410001689D /* en */ = {isa = PBXFileReference; lastKnownFileType = text.plist.strings; name = en; path = en.lproj/InfoPlist.strings; sourceTree = "<group>"; };
		65C98F4D17BAD1410001689D /* ADischargedTimerTests.m */ = {isa = PBXFileReference; lastKnownFileType = sourcecode.c.objc; path = ADischargedTimerTests.m; sourceTree = "<group>"; };
		65C98F5717BAD1E80001689D /* Timer.h */ = {isa = PBXFileReference; fileEncoding = 4; lastKnownFileType = sourcecode.c.h; path = Timer.h; sourceTree = "<group>"; };
		65C98F5817BAD1E80001689D /* Timer.m */ = {isa = PBXFileReference; fileEncoding = 4; lastKnownFileType = sourcecode.c.objc; path = Timer.m; sourceTree = "<group>"; };
		65C98F5B17BAD8C60001689D /* AChargedTimerTests.m */ = {isa = PBXFileReference; fileEncoding = 4; lastKnownFileType = sourcecode.c.objc; path = AChargedTimerTests.m; sourceTree = "<group>"; };
		65FC903C17BAE787006C0112 /* icon.png */ = {isa = PBXFileReference; lastKnownFileType = image.png; path = icon.png; sourceTree = "<group>"; };
		65FC903E17BAE78B006C0112 /* icon@2x.png */ = {isa = PBXFileReference; lastKnownFileType = image.png; path = "icon@2x.png"; sourceTree = "<group>"; };
		65FC904017BAED45006C0112 /* AudioToolbox.framework */ = {isa = PBXFileReference; lastKnownFileType = wrapper.framework; name = AudioToolbox.framework; path = System/Library/Frameworks/AudioToolbox.framework; sourceTree = SDKROOT; };
/* End PBXFileReference section */

/* Begin PBXFrameworksBuildPhase section */
		65C98F1617BAD1400001689D /* Frameworks */ = {
			isa = PBXFrameworksBuildPhase;
			buildActionMask = 2147483647;
			files = (
				65FC904117BAED45006C0112 /* AudioToolbox.framework in Frameworks */,
				65C98F1D17BAD1400001689D /* UIKit.framework in Frameworks */,
				65C98F1F17BAD1400001689D /* Foundation.framework in Frameworks */,
				65C98F2117BAD1400001689D /* CoreGraphics.framework in Frameworks */,
			);
			runOnlyForDeploymentPostprocessing = 0;
		};
		65C98F3B17BAD1410001689D /* Frameworks */ = {
			isa = PBXFrameworksBuildPhase;
			buildActionMask = 2147483647;
			files = (
				65C98F4117BAD1410001689D /* SenTestingKit.framework in Frameworks */,
				65C98F4217BAD1410001689D /* UIKit.framework in Frameworks */,
				65C98F4317BAD1410001689D /* Foundation.framework in Frameworks */,
			);
			runOnlyForDeploymentPostprocessing = 0;
		};
/* End PBXFrameworksBuildPhase section */

/* Begin PBXGroup section */
		65C98F1017BAD1400001689D = {
			isa = PBXGroup;
			children = (
				65FC903E17BAE78B006C0112 /* icon@2x.png */,
				65FC903C17BAE787006C0112 /* icon.png */,
				65C98F2217BAD1400001689D /* NaturalPomo */,
				65C98F4617BAD1410001689D /* NaturalPomoTests */,
				65C98F1B17BAD1400001689D /* Frameworks */,
				65C98F1A17BAD1400001689D /* Products */,
			);
			sourceTree = "<group>";
		};
		65C98F1A17BAD1400001689D /* Products */ = {
			isa = PBXGroup;
			children = (
				65C98F1917BAD1400001689D /* NaturalPomo.app */,
				65C98F3F17BAD1410001689D /* NaturalPomoTests.octest */,
			);
			name = Products;
			sourceTree = "<group>";
		};
		65C98F1B17BAD1400001689D /* Frameworks */ = {
			isa = PBXGroup;
			children = (
				65FC904017BAED45006C0112 /* AudioToolbox.framework */,
				65C98F1C17BAD1400001689D /* UIKit.framework */,
				65C98F1E17BAD1400001689D /* Foundation.framework */,
				65C98F2017BAD1400001689D /* CoreGraphics.framework */,
				65C98F4017BAD1410001689D /* SenTestingKit.framework */,
			);
			name = Frameworks;
			sourceTree = "<group>";
		};
		65C98F2217BAD1400001689D /* NaturalPomo */ = {
			isa = PBXGroup;
			children = (
				65C64F4517BB957D0041EEB8 /* alarm-clock-1.wav */,
				65C98F2B17BAD1400001689D /* AppDelegate.h */,
				65C98F2C17BAD1400001689D /* AppDelegate.m */,
				65C98F3417BAD1400001689D /* ViewController.h */,
				65C98F3517BAD1400001689D /* ViewController.m */,
				65C98F3717BAD1400001689D /* ViewController.xib */,
				65C98F2317BAD1400001689D /* Supporting Files */,
				65C98F5717BAD1E80001689D /* Timer.h */,
				65C98F5817BAD1E80001689D /* Timer.m */,
			);
			path = NaturalPomo;
			sourceTree = "<group>";
		};
		65C98F2317BAD1400001689D /* Supporting Files */ = {
			isa = PBXGroup;
			children = (
				65C98F2417BAD1400001689D /* NaturalPomo-Info.plist */,
				65C98F2517BAD1400001689D /* InfoPlist.strings */,
				65C98F2817BAD1400001689D /* main.m */,
				65C98F2A17BAD1400001689D /* NaturalPomo-Prefix.pch */,
				65C98F2E17BAD1400001689D /* Default.png */,
				65C98F3017BAD1400001689D /* Default@2x.png */,
				65C98F3217BAD1400001689D /* Default-568h@2x.png */,
			);
			name = "Supporting Files";
			sourceTree = "<group>";
		};
		65C98F4617BAD1410001689D /* NaturalPomoTests */ = {
			isa = PBXGroup;
			children = (
				65C98F4D17BAD1410001689D /* ADischargedTimerTests.m */,
				65C98F5B17BAD8C60001689D /* AChargedTimerTests.m */,
				65C64EF817BB6FBF0041EEB8 /* AnHalfDischargedTimerTests.m */,
				65C98F4717BAD1410001689D /* Supporting Files */,
				65C64EFA17BB6FDD0041EEB8 /* AChargedReleasedTimerTests.m */,
				65C64F4A17BB964E0041EEB8 /* PomodoroRingTests.m */,
			);
			path = NaturalPomoTests;
			sourceTree = "<group>";
		};
		65C98F4717BAD1410001689D /* Supporting Files */ = {
			isa = PBXGroup;
			children = (
				65C98F4817BAD1410001689D /* NaturalPomoTests-Info.plist */,
				65C98F4917BAD1410001689D /* InfoPlist.strings */,
			);
			name = "Supporting Files";
			sourceTree = "<group>";
		};
/* End PBXGroup section */

/* Begin PBXNativeTarget section */
		65C98F1817BAD1400001689D /* NaturalPomo */ = {
			isa = PBXNativeTarget;
			buildConfigurationList = 65C98F5117BAD1410001689D /* Build configuration list for PBXNativeTarget "NaturalPomo" */;
			buildPhases = (
				65C98F1517BAD1400001689D /* Sources */,
				65C98F1617BAD1400001689D /* Frameworks */,
				65C98F1717BAD1400001689D /* Resources */,
			);
			buildRules = (
			);
			dependencies = (
			);
			name = NaturalPomo;
			productName = NaturalPomo;
			productReference = 65C98F1917BAD1400001689D /* NaturalPomo.app */;
			productType = "com.apple.product-type.application";
		};
		65C98F3E17BAD1410001689D /* NaturalPomoTests */ = {
			isa = PBXNativeTarget;
			buildConfigurationList = 65C98F5417BAD1410001689D /* Build configuration list for PBXNativeTarget "NaturalPomoTests" */;
			buildPhases = (
				65C98F3A17BAD1410001689D /* Sources */,
				65C98F3B17BAD1410001689D /* Frameworks */,
				65C98F3C17BAD1410001689D /* Resources */,
				65C98F3D17BAD1410001689D /* ShellScript */,
			);
			buildRules = (
			);
			dependencies = (
				65C98F4517BAD1410001689D /* PBXTargetDependency */,
			);
			name = NaturalPomoTests;
			productName = NaturalPomoTests;
			productReference = 65C98F3F17BAD1410001689D /* NaturalPomoTests.octest */;
			productType = "com.apple.product-type.bundle";
		};
/* End PBXNativeTarget section */

/* Begin PBXProject section */
		65C98F1117BAD1400001689D /* Project object */ = {
			isa = PBXProject;
			attributes = {
				LastUpgradeCheck = 0460;
				ORGANIZATIONNAME = "Andrea Francia";
			};
			buildConfigurationList = 65C98F1417BAD1400001689D /* Build configuration list for PBXProject "NaturalPomo" */;
			compatibilityVersion = "Xcode 3.2";
			developmentRegion = English;
			hasScannedForEncodings = 0;
			knownRegions = (
				en,
			);
			mainGroup = 65C98F1017BAD1400001689D;
			productRefGroup = 65C98F1A17BAD1400001689D /* Products */;
			projectDirPath = "";
			projectRoot = "";
			targets = (
				65C98F1817BAD1400001689D /* NaturalPomo */,
				65C98F3E17BAD1410001689D /* NaturalPomoTests */,
			);
		};
/* End PBXProject section */

/* Begin PBXResourcesBuildPhase section */
		65C98F1717BAD1400001689D /* Resources */ = {
			isa = PBXResourcesBuildPhase;
			buildActionMask = 2147483647;
			files = (
				65C98F2717BAD1400001689D /* InfoPlist.strings in Resources */,
				65C98F2F17BAD1400001689D /* Default.png in Resources */,
				65C98F3117BAD1400001689D /* Default@2x.png in Resources */,
				65C98F3317BAD1400001689D /* Default-568h@2x.png in Resources */,
				65C98F3917BAD1400001689D /* ViewController.xib in Resources */,
				65FC903D17BAE787006C0112 /* icon.png in Resources */,
				65FC903F17BAE78B006C0112 /* icon@2x.png in Resources */,
				65C64F4617BB957D0041EEB8 /* alarm-clock-1.wav in Resources */,
			);
			runOnlyForDeploymentPostprocessing = 0;
		};
		65C98F3C17BAD1410001689D /* Resources */ = {
			isa = PBXResourcesBuildPhase;
			buildActionMask = 2147483647;
			files = (
				65C98F4B17BAD1410001689D /* InfoPlist.strings in Resources */,
			);
			runOnlyForDeploymentPostprocessing = 0;
		};
/* End PBXResourcesBuildPhase section */

/* Begin PBXShellScriptBuildPhase section */
		65C98F3D17BAD1410001689D /* ShellScript */ = {
			isa = PBXShellScriptBuildPhase;
			buildActionMask = 2147483647;
			files = (
			);
			inputPaths = (
			);
			outputPaths = (
			);
			runOnlyForDeploymentPostprocessing = 0;
			shellPath = /bin/sh;
			shellScript = "# Run the unit tests in this test bundle.\n\"${SYSTEM_DEVELOPER_DIR}/Tools/RunUnitTests\"\n";
		};
/* End PBXShellScriptBuildPhase section */

/* Begin PBXSourcesBuildPhase section */
		65C98F1517BAD1400001689D /* Sources */ = {
			isa = PBXSourcesBuildPhase;
			buildActionMask = 2147483647;
			files = (
				65C98F2917BAD1400001689D /* main.m in Sources */,
				65C98F2D17BAD1400001689D /* AppDelegate.m in Sources */,
				65C98F3617BAD1400001689D /* ViewController.m in Sources */,
				65C98F5917BAD1E80001689D /* Timer.m in Sources */,
			);
			runOnlyForDeploymentPostprocessing = 0;
		};
		65C98F3A17BAD1410001689D /* Sources */ = {
			isa = PBXSourcesBuildPhase;
			buildActionMask = 2147483647;
			files = (
				65C98F4E17BAD1410001689D /* ADischargedTimerTests.m in Sources */,
				65C98F5A17BAD1E80001689D /* Timer.m in Sources */,
				65C98F5D17BAD8C60001689D /* AChargedTimerTests.m in Sources */,
				65C64EF917BB6FBF0041EEB8 /* AnHalfDischargedTimerTests.m in Sources */,
				65C64EFB17BB6FDD0041EEB8 /* AChargedReleasedTimerTests.m in Sources */,
				65C64F4B17BB964E0041EEB8 /* PomodoroRingTests.m in Sources */,
			);
			runOnlyForDeploymentPostprocessing = 0;
		};
/* End PBXSourcesBuildPhase section */

/* Begin PBXTargetDependency section */
		65C98F4517BAD1410001689D /* PBXTargetDependency */ = {
			isa = PBXTargetDependency;
			target = 65C98F1817BAD1400001689D /* NaturalPomo */;
			targetProxy = 65C98F4417BAD1410001689D /* PBXContainerItemProxy */;
		};
/* End PBXTargetDependency section */

/* Begin PBXVariantGroup section */
		65C98F2517BAD1400001689D /* InfoPlist.strings */ = {
			isa = PBXVariantGroup;
			children = (
				65C98F2617BAD1400001689D /* en */,
			);
			name = InfoPlist.strings;
			sourceTree = "<group>";
		};
		65C98F3717BAD1400001689D /* ViewController.xib */ = {
			isa = PBXVariantGroup;
			children = (
				65C98F3817BAD1400001689D /* en */,
			);
			name = ViewController.xib;
			sourceTree = "<group>";
		};
		65C98F4917BAD1410001689D /* InfoPlist.strings */ = {
			isa = PBXVariantGroup;
			children = (
				65C98F4A17BAD1410001689D /* en */,
			);
			name = InfoPlist.strings;
			sourceTree = "<group>";
		};
/* End PBXVariantGroup section */

/* Begin XCBuildConfiguration section */
		65C98F4F17BAD1410001689D /* Debug */ = {
			isa = XCBuildConfiguration;
			buildSettings = {
				ALWAYS_SEARCH_USER_PATHS = NO;
				CLANG_CXX_LANGUAGE_STANDARD = "gnu++0x";
				CLANG_CXX_LIBRARY = "libc++";
				CLANG_ENABLE_OBJC_ARC = YES;
				CLANG_WARN_CONSTANT_CONVERSION = YES;
				CLANG_WARN_EMPTY_BODY = YES;
				CLANG_WARN_ENUM_CONVERSION = YES;
				CLANG_WARN_INT_CONVERSION = YES;
				CLANG_WARN__DUPLICATE_METHOD_MATCH = YES;
				"CODE_SIGN_IDENTITY[sdk=iphoneos*]" = "iPhone Developer";
				COPY_PHASE_STRIP = NO;
				GCC_C_LANGUAGE_STANDARD = gnu99;
				GCC_DYNAMIC_NO_PIC = NO;
				GCC_OPTIMIZATION_LEVEL = 0;
				GCC_PREPROCESSOR_DEFINITIONS = (
					"DEBUG=1",
					"$(inherited)",
				);
				GCC_SYMBOLS_PRIVATE_EXTERN = NO;
				GCC_WARN_ABOUT_RETURN_TYPE = YES;
				GCC_WARN_UNINITIALIZED_AUTOS = YES;
				GCC_WARN_UNUSED_VARIABLE = YES;
				IPHONEOS_DEPLOYMENT_TARGET = 6.1;
				ONLY_ACTIVE_ARCH = YES;
				SDKROOT = iphoneos;
			};
			name = Debug;
		};
		65C98F5017BAD1410001689D /* Release */ = {
			isa = XCBuildConfiguration;
			buildSettings = {
				ALWAYS_SEARCH_USER_PATHS = NO;
				CLANG_CXX_LANGUAGE_STANDARD = "gnu++0x";
				CLANG_CXX_LIBRARY = "libc++";
				CLANG_ENABLE_OBJC_ARC = YES;
				CLANG_WARN_CONSTANT_CONVERSION = YES;
				CLANG_WARN_EMPTY_BODY = YES;
				CLANG_WARN_ENUM_CONVERSION = YES;
				CLANG_WARN_INT_CONVERSION = YES;
				CLANG_WARN__DUPLICATE_METHOD_MATCH = YES;
				"CODE_SIGN_IDENTITY[sdk=iphoneos*]" = "iPhone Developer";
				COPY_PHASE_STRIP = YES;
				GCC_C_LANGUAGE_STANDARD = gnu99;
				GCC_WARN_ABOUT_RETURN_TYPE = YES;
				GCC_WARN_UNINITIALIZED_AUTOS = YES;
				GCC_WARN_UNUSED_VARIABLE = YES;
				IPHONEOS_DEPLOYMENT_TARGET = 6.1;
				OTHER_CFLAGS = "-DNS_BLOCK_ASSERTIONS=1";
				SDKROOT = iphoneos;
				VALIDATE_PRODUCT = YES;
			};
			name = Release;
		};
		65C98F5217BAD1410001689D /* Debug */ = {
			isa = XCBuildConfiguration;
			buildSettings = {
				GCC_PRECOMPILE_PREFIX_HEADER = YES;
				GCC_PREFIX_HEADER = "NaturalPomo/NaturalPomo-Prefix.pch";
				INFOPLIST_FILE = "NaturalPomo/NaturalPomo-Info.plist";
				PRODUCT_NAME = "$(TARGET_NAME)";
				WRAPPER_EXTENSION = app;
			};
			name = Debug;
		};
		65C98F5317BAD1410001689D /* Release */ = {
			isa = XCBuildConfiguration;
			buildSettings = {
				GCC_PRECOMPILE_PREFIX_HEADER = YES;
				GCC_PREFIX_HEADER = "NaturalPomo/NaturalPomo-Prefix.pch";
				INFOPLIST_FILE = "NaturalPomo/NaturalPomo-Info.plist";
				PRODUCT_NAME = "$(TARGET_NAME)";
				WRAPPER_EXTENSION = app;
			};
			name = Release;
		};
		65C98F5517BAD1410001689D /* Debug */ = {
			isa = XCBuildConfiguration;
			buildSettings = {
				BUNDLE_LOADER = "$(BUILT_PRODUCTS_DIR)/NaturalPomo.app/NaturalPomo";
				FRAMEWORK_SEARCH_PATHS = (
					"\"$(SDKROOT)/Developer/Library/Frameworks\"",
					"\"$(DEVELOPER_LIBRARY_DIR)/Frameworks\"",
				);
				GCC_PRECOMPILE_PREFIX_HEADER = YES;
				GCC_PREFIX_HEADER = "NaturalPomo/NaturalPomo-Prefix.pch";
				INFOPLIST_FILE = "NaturalPomoTests/NaturalPomoTests-Info.plist";
				PRODUCT_NAME = "$(TARGET_NAME)";
				TEST_HOST = "$(BUNDLE_LOADER)";
				WRAPPER_EXTENSION = octest;
			};
			name = Debug;
		};
		65C98F5617BAD1410001689D /* Release */ = {
			isa = XCBuildConfiguration;
			buildSettings = {
				BUNDLE_LOADER = "$(BUILT_PRODUCTS_DIR)/NaturalPomo.app/NaturalPomo";
				FRAMEWORK_SEARCH_PATHS = (
					"\"$(SDKROOT)/Developer/Library/Frameworks\"",
					"\"$(DEVELOPER_LIBRARY_DIR)/Frameworks\"",
				);
				GCC_PRECOMPILE_PREFIX_HEADER = YES;
				GCC_PREFIX_HEADER = "NaturalPomo/NaturalPomo-Prefix.pch";
				INFOPLIST_FILE = "NaturalPomoTests/NaturalPomoTests-Info.plist";
				PRODUCT_NAME = "$(TARGET_NAME)";
				TEST_HOST = "$(BUNDLE_LOADER)";
				WRAPPER_EXTENSION = octest;
			};
			name = Release;
		};
/* End XCBuildConfiguration section */

/* Begin XCConfigurationList section */
		65C98F1417BAD1400001689D /* Build configuration list for PBXProject "NaturalPomo" */ = {
			isa = XCConfigurationList;
			buildConfigurations = (
				65C98F4F17BAD1410001689D /* Debug */,
				65C98F5017BAD1410001689D /* Release */,
			);
			defaultConfigurationIsVisible = 0;
			defaultConfigurationName = Release;
		};
		65C98F5117BAD1410001689D /* Build configuration list for PBXNativeTarget "NaturalPomo" */ = {
			isa = XCConfigurationList;
			buildConfigurations = (
				65C98F5217BAD1410001689D /* Debug */,
				65C98F5317BAD1410001689D /* Release */,
			);
			defaultConfigurationIsVisible = 0;
			defaultConfigurationName = Release;
		};
		65C98F5417BAD1410001689D /* Build configuration list for PBXNativeTarget "NaturalPomoTests" */ = {
			isa = XCConfigurationList;
			buildConfigurations = (
				65C98F5517BAD1410001689D /* Debug */,
				65C98F5617BAD1410001689D /* Release */,
			);
			defaultConfigurationIsVisible = 0;
			defaultConfigurationName = Release;
		};
/* End XCConfigurationList section */
	};
	rootObject = 65C98F1117BAD1400001689D /* Project object */;
}
